// !$*UTF8*$!
{
	archiveVersion = 1;
	classes = {
	};
	objectVersion = 56;
	objects = {

/* Begin PBXBuildFile section */
		B39B39552BDFDBE5002413CF /* BodyGameApp.swift in Sources */ = {isa = PBXBuildFile; fileRef = B39B39542BDFDBE5002413CF /* BodyGameApp.swift */; };
		B39B39572BDFDBE5002413CF /* ContentView.swift in Sources */ = {isa = PBXBuildFile; fileRef = B39B39562BDFDBE5002413CF /* ContentView.swift */; };
		B39B39592BDFDBE6002413CF /* Assets.xcassets in Resources */ = {isa = PBXBuildFile; fileRef = B39B39582BDFDBE6002413CF /* Assets.xcassets */; };
		B39B395C2BDFDBE6002413CF /* Preview Assets.xcassets in Resources */ = {isa = PBXBuildFile; fileRef = B39B395B2BDFDBE6002413CF /* Preview Assets.xcassets */; };
		B39B39632BDFE95B002413CF /* GameOver.swift in Sources */ = {isa = PBXBuildFile; fileRef = B39B39622BDFE95B002413CF /* GameOver.swift */; };
		B3FE8D532BE0D3FB0061839D /* LandingScreen.swift in Sources */ = {isa = PBXBuildFile; fileRef = B3FE8D522BE0D3FB0061839D /* LandingScreen.swift */; };
		B3FE8D552BE0D4080061839D /* GamePlay.swift in Sources */ = {isa = PBXBuildFile; fileRef = B3FE8D542BE0D4080061839D /* GamePlay.swift */; };
		B3FE8D6C2BE0F75A0061839D /* XButtonView.swift in Sources */ = {isa = PBXBuildFile; fileRef = B3FE8D6B2BE0F75A0061839D /* XButtonView.swift */; };
/* End PBXBuildFile section */

/* Begin PBXFileReference section */
		B39B39512BDFDBE5002413CF /* BodyGame.app */ = {isa = PBXFileReference; explicitFileType = wrapper.application; includeInIndex = 0; path = BodyGame.app; sourceTree = BUILT_PRODUCTS_DIR; };
		B39B39542BDFDBE5002413CF /* BodyGameApp.swift */ = {isa = PBXFileReference; lastKnownFileType = sourcecode.swift; path = BodyGameApp.swift; sourceTree = "<group>"; };
		B39B39562BDFDBE5002413CF /* ContentView.swift */ = {isa = PBXFileReference; lastKnownFileType = sourcecode.swift; path = ContentView.swift; sourceTree = "<group>"; };
		B39B39582BDFDBE6002413CF /* Assets.xcassets */ = {isa = PBXFileReference; lastKnownFileType = folder.assetcatalog; path = Assets.xcassets; sourceTree = "<group>"; };
		B39B395B2BDFDBE6002413CF /* Preview Assets.xcassets */ = {isa = PBXFileReference; lastKnownFileType = folder.assetcatalog; path = "Preview Assets.xcassets"; sourceTree = "<group>"; };
		B39B39622BDFE95B002413CF /* GameOver.swift */ = {isa = PBXFileReference; lastKnownFileType = sourcecode.swift; path = GameOver.swift; sourceTree = "<group>"; };
		B3FE8D522BE0D3FB0061839D /* LandingScreen.swift */ = {isa = PBXFileReference; lastKnownFileType = sourcecode.swift; path = LandingScreen.swift; sourceTree = "<group>"; };
		B3FE8D542BE0D4080061839D /* GamePlay.swift */ = {isa = PBXFileReference; lastKnownFileType = sourcecode.swift; path = GamePlay.swift; sourceTree = "<group>"; };
		B3FE8D6B2BE0F75A0061839D /* XButtonView.swift */ = {isa = PBXFileReference; lastKnownFileType = sourcecode.swift; path = XButtonView.swift; sourceTree = "<group>"; };
/* End PBXFileReference section */

/* Begin PBXFrameworksBuildPhase section */
		B39B394E2BDFDBE5002413CF /* Frameworks */ = {
			isa = PBXFrameworksBuildPhase;
			buildActionMask = 2147483647;
			files = (
			);
			runOnlyForDeploymentPostprocessing = 0;
		};
/* End PBXFrameworksBuildPhase section */

/* Begin PBXGroup section */
		B39B39482BDFDBE5002413CF = {
			isa = PBXGroup;
			children = (
				B39B39532BDFDBE5002413CF /* BodyGame */,
				B39B39522BDFDBE5002413CF /* Products */,
			);
			sourceTree = "<group>";
		};
		B39B39522BDFDBE5002413CF /* Products */ = {
			isa = PBXGroup;
			children = (
				B39B39512BDFDBE5002413CF /* BodyGame.app */,
			);
			name = Products;
			sourceTree = "<group>";
		};
		B39B39532BDFDBE5002413CF /* BodyGame */ = {
			isa = PBXGroup;
			children = (
				B39B39542BDFDBE5002413CF /* BodyGameApp.swift */,
				B39B39562BDFDBE5002413CF /* ContentView.swift */,
				B3FE8D522BE0D3FB0061839D /* LandingScreen.swift */,
				B39B39622BDFE95B002413CF /* GameOver.swift */,
				B3FE8D6B2BE0F75A0061839D /* XButtonView.swift */,
				B39B39582BDFDBE6002413CF /* Assets.xcassets */,
				B39B395A2BDFDBE6002413CF /* Preview Content */,
				B3FE8D542BE0D4080061839D /* GamePlay.swift */,
			);
			path = BodyGame;
			sourceTree = "<group>";
		};
		B39B395A2BDFDBE6002413CF /* Preview Content */ = {
			isa = PBXGroup;
			children = (
				B39B395B2BDFDBE6002413CF /* Preview Assets.xcassets */,
			);
			path = "Preview Content";
			sourceTree = "<group>";
		};
/* End PBXGroup section */

/* Begin PBXNativeTarget section */
		B39B39502BDFDBE5002413CF /* BodyGame */ = {
			isa = PBXNativeTarget;
			buildConfigurationList = B39B395F2BDFDBE6002413CF /* Build configuration list for PBXNativeTarget "BodyGame" */;
			buildPhases = (
				B39B394D2BDFDBE5002413CF /* Sources */,
				B39B394E2BDFDBE5002413CF /* Frameworks */,
				B39B394F2BDFDBE5002413CF /* Resources */,
			);
			buildRules = (
			);
			dependencies = (
			);
			name = BodyGame;
			productName = BodyGame;
			productReference = B39B39512BDFDBE5002413CF /* BodyGame.app */;
			productType = "com.apple.product-type.application";
		};
/* End PBXNativeTarget section */

/* Begin PBXProject section */
		B39B39492BDFDBE5002413CF /* Project object */ = {
			isa = PBXProject;
			attributes = {
				BuildIndependentTargetsInParallel = 1;
				LastSwiftUpdateCheck = 1530;
				LastUpgradeCheck = 1530;
				TargetAttributes = {
					B39B39502BDFDBE5002413CF = {
						CreatedOnToolsVersion = 15.3;
					};
				};
			};
			buildConfigurationList = B39B394C2BDFDBE5002413CF /* Build configuration list for PBXProject "BodyGame" */;
			compatibilityVersion = "Xcode 14.0";
			developmentRegion = en;
			hasScannedForEncodings = 0;
			knownRegions = (
				en,
				Base,
			);
			mainGroup = B39B39482BDFDBE5002413CF;
			productRefGroup = B39B39522BDFDBE5002413CF /* Products */;
			projectDirPath = "";
			projectRoot = "";
			targets = (
				B39B39502BDFDBE5002413CF /* BodyGame */,
			);
		};
/* End PBXProject section */

/* Begin PBXResourcesBuildPhase section */
		B39B394F2BDFDBE5002413CF /* Resources */ = {
			isa = PBXResourcesBuildPhase;
			buildActionMask = 2147483647;
			files = (
				B39B395C2BDFDBE6002413CF /* Preview Assets.xcassets in Resources */,
				B39B39592BDFDBE6002413CF /* Assets.xcassets in Resources */,
			);
			runOnlyForDeploymentPostprocessing = 0;
		};
/* End PBXResourcesBuildPhase section */

/* Begin PBXSourcesBuildPhase section */
		B39B394D2BDFDBE5002413CF /* Sources */ = {
			isa = PBXSourcesBuildPhase;
			buildActionMask = 2147483647;
			files = (
				B3FE8D6C2BE0F75A0061839D /* XButtonView.swift in Sources */,
				B3FE8D552BE0D4080061839D /* GamePlay.swift in Sources */,
				B39B39632BDFE95B002413CF /* GameOver.swift in Sources */,
				B39B39572BDFDBE5002413CF /* ContentView.swift in Sources */,
				B39B39552BDFDBE5002413CF /* BodyGameApp.swift in Sources */,
				B3FE8D532BE0D3FB0061839D /* LandingScreen.swift in Sources */,
			);
			runOnlyForDeploymentPostprocessing = 0;
		};
/* End PBXSourcesBuildPhase section */

/* Begin XCBuildConfiguration section */
		B39B395D2BDFDBE6002413CF /* Debug */ = {
			isa = XCBuildConfiguration;
			buildSettings = {
				ALWAYS_SEARCH_USER_PATHS = NO;
				ASSETCATALOG_COMPILER_GENERATE_SWIFT_ASSET_SYMBOL_EXTENSIONS = YES;
				CLANG_ANALYZER_NONNULL = YES;
				CLANG_ANALYZER_NUMBER_OBJECT_CONVERSION = YES_AGGRESSIVE;
				CLANG_CXX_LANGUAGE_STANDARD = "gnu++20";
				CLANG_ENABLE_MODULES = YES;
				CLANG_ENABLE_OBJC_ARC = YES;
				CLANG_ENABLE_OBJC_WEAK = YES;
				CLANG_WARN_BLOCK_CAPTURE_AUTORELEASING = YES;
				CLANG_WARN_BOOL_CONVERSION = YES;
				CLANG_WARN_COMMA = YES;
				CLANG_WARN_CONSTANT_CONVERSION = YES;
				CLANG_WARN_DEPRECATED_OBJC_IMPLEMENTATIONS = YES;
				CLANG_WARN_DIRECT_OBJC_ISA_USAGE = YES_ERROR;
				CLANG_WARN_DOCUMENTATION_COMMENTS = YES;
				CLANG_WARN_EMPTY_BODY = YES;
				CLANG_WARN_ENUM_CONVERSION = YES;
				CLANG_WARN_INFINITE_RECURSION = YES;
				CLANG_WARN_INT_CONVERSION = YES;
				CLANG_WARN_NON_LITERAL_NULL_CONVERSION = YES;
				CLANG_WARN_OBJC_IMPLICIT_RETAIN_SELF = YES;
				CLANG_WARN_OBJC_LITERAL_CONVERSION = YES;
				CLANG_WARN_OBJC_ROOT_CLASS = YES_ERROR;
				CLANG_WARN_QUOTED_INCLUDE_IN_FRAMEWORK_HEADER = YES;
				CLANG_WARN_RANGE_LOOP_ANALYSIS = YES;
				CLANG_WARN_STRICT_PROTOTYPES = YES;
				CLANG_WARN_SUSPICIOUS_MOVE = YES;
				CLANG_WARN_UNGUARDED_AVAILABILITY = YES_AGGRESSIVE;
				CLANG_WARN_UNREACHABLE_CODE = YES;
				CLANG_WARN__DUPLICATE_METHOD_MATCH = YES;
				COPY_PHASE_STRIP = NO;
				DEBUG_INFORMATION_FORMAT = dwarf;
				ENABLE_STRICT_OBJC_MSGSEND = YES;
				ENABLE_TESTABILITY = YES;
				ENABLE_USER_SCRIPT_SANDBOXING = YES;
				GCC_C_LANGUAGE_STANDARD = gnu17;
				GCC_DYNAMIC_NO_PIC = NO;
				GCC_NO_COMMON_BLOCKS = YES;
				GCC_OPTIMIZATION_LEVEL = 0;
				GCC_PREPROCESSOR_DEFINITIONS = (
					"DEBUG=1",
					"$(inherited)",
				);
				GCC_WARN_64_TO_32_BIT_CONVERSION = YES;
				GCC_WARN_ABOUT_RETURN_TYPE = YES_ERROR;
				GCC_WARN_UNDECLARED_SELECTOR = YES;
				GCC_WARN_UNINITIALIZED_AUTOS = YES_AGGRESSIVE;
				GCC_WARN_UNUSED_FUNCTION = YES;
				GCC_WARN_UNUSED_VARIABLE = YES;
				IPHONEOS_DEPLOYMENT_TARGET = 17.4;
				LOCALIZATION_PREFERS_STRING_CATALOGS = YES;
				MTL_ENABLE_DEBUG_INFO = INCLUDE_SOURCE;
				MTL_FAST_MATH = YES;
				ONLY_ACTIVE_ARCH = YES;
				SDKROOT = iphoneos;
				SWIFT_ACTIVE_COMPILATION_CONDITIONS = "DEBUG $(inherited)";
				SWIFT_OPTIMIZATION_LEVEL = "-Onone";
			};
			name = Debug;
		};
		B39B395E2BDFDBE6002413CF /* Release */ = {
			isa = XCBuildConfiguration;
			buildSettings = {
				ALWAYS_SEARCH_USER_PATHS = NO;
				ASSETCATALOG_COMPILER_GENERATE_SWIFT_ASSET_SYMBOL_EXTENSIONS = YES;
				CLANG_ANALYZER_NONNULL = YES;
				CLANG_ANALYZER_NUMBER_OBJECT_CONVERSION = YES_AGGRESSIVE;
				CLANG_CXX_LANGUAGE_STANDARD = "gnu++20";
				CLANG_ENABLE_MODULES = YES;
				CLANG_ENABLE_OBJC_ARC = YES;
				CLANG_ENABLE_OBJC_WEAK = YES;
				CLANG_WARN_BLOCK_CAPTURE_AUTORELEASING = YES;
				CLANG_WARN_BOOL_CONVERSION = YES;
				CLANG_WARN_COMMA = YES;
				CLANG_WARN_CONSTANT_CONVERSION = YES;
				CLANG_WARN_DEPRECATED_OBJC_IMPLEMENTATIONS = YES;
				CLANG_WARN_DIRECT_OBJC_ISA_USAGE = YES_ERROR;
				CLANG_WARN_DOCUMENTATION_COMMENTS = YES;
				CLANG_WARN_EMPTY_BODY = YES;
				CLANG_WARN_ENUM_CONVERSION = YES;
				CLANG_WARN_INFINITE_RECURSION = YES;
				CLANG_WARN_INT_CONVERSION = YES;
				CLANG_WARN_NON_LITERAL_NULL_CONVERSION = YES;
				CLANG_WARN_OBJC_IMPLICIT_RETAIN_SELF = YES;
				CLANG_WARN_OBJC_LITERAL_CONVERSION = YES;
				CLANG_WARN_OBJC_ROOT_CLASS = YES_ERROR;
				CLANG_WARN_QUOTED_INCLUDE_IN_FRAMEWORK_HEADER = YES;
				CLANG_WARN_RANGE_LOOP_ANALYSIS = YES;
				CLANG_WARN_STRICT_PROTOTYPES = YES;
				CLANG_WARN_SUSPICIOUS_MOVE = YES;
				CLANG_WARN_UNGUARDED_AVAILABILITY = YES_AGGRESSIVE;
				CLANG_WARN_UNREACHABLE_CODE = YES;
				CLANG_WARN__DUPLICATE_METHOD_MATCH = YES;
				COPY_PHASE_STRIP = NO;
				DEBUG_INFORMATION_FORMAT = "dwarf-with-dsym";
				ENABLE_NS_ASSERTIONS = NO;
				ENABLE_STRICT_OBJC_MSGSEND = YES;
				ENABLE_USER_SCRIPT_SANDBOXING = YES;
				GCC_C_LANGUAGE_STANDARD = gnu17;
				GCC_NO_COMMON_BLOCKS = YES;
				GCC_WARN_64_TO_32_BIT_CONVERSION = YES;
				GCC_WARN_ABOUT_RETURN_TYPE = YES_ERROR;
				GCC_WARN_UNDECLARED_SELECTOR = YES;
				GCC_WARN_UNINITIALIZED_AUTOS = YES_AGGRESSIVE;
				GCC_WARN_UNUSED_FUNCTION = YES;
				GCC_WARN_UNUSED_VARIABLE = YES;
				IPHONEOS_DEPLOYMENT_TARGET = 17.4;
				LOCALIZATION_PREFERS_STRING_CATALOGS = YES;
				MTL_ENABLE_DEBUG_INFO = NO;
				MTL_FAST_MATH = YES;
				SDKROOT = iphoneos;
				SWIFT_COMPILATION_MODE = wholemodule;
				VALIDATE_PRODUCT = YES;
			};
			name = Release;
		};
		B39B39602BDFDBE6002413CF /* Debug */ = {
			isa = XCBuildConfiguration;
			buildSettings = {
				ASSETCATALOG_COMPILER_APPICON_NAME = AppIcon;
				ASSETCATALOG_COMPILER_GLOBAL_ACCENT_COLOR_NAME = AccentColor;
				CODE_SIGN_STYLE = Automatic;
				CURRENT_PROJECT_VERSION = 1;
				DEVELOPMENT_ASSET_PATHS = "\"BodyGame/Preview Content\"";
				DEVELOPMENT_TEAM = AJCNLW4868;
				ENABLE_PREVIEWS = YES;
				GENERATE_INFOPLIST_FILE = YES;
				INFOPLIST_KEY_UIApplicationSceneManifest_Generation = YES;
				INFOPLIST_KEY_UIApplicationSupportsIndirectInputEvents = YES;
				INFOPLIST_KEY_UILaunchScreen_Generation = YES;
				INFOPLIST_KEY_UISupportedInterfaceOrientations = "UIInterfaceOrientationLandscapeLeft UIInterfaceOrientationLandscapeRight UIInterfaceOrientationPortrait UIInterfaceOrientationPortraitUpsideDown";
				LD_RUNPATH_SEARCH_PATHS = (
					"$(inherited)",
					"@executable_path/Frameworks",
				);
				MARKETING_VERSION = 1.0;
				PRODUCT_BUNDLE_IDENTIFIER = Calistakalleya.BodyGame;
				PRODUCT_NAME = "$(TARGET_NAME)";
				SWIFT_EMIT_LOC_STRINGS = YES;
				SWIFT_VERSION = 5.0;
				TARGETED_DEVICE_FAMILY = "1,2";
			};
			name = Debug;
		};
		B39B39612BDFDBE6002413CF /* Release */ = {
			isa = XCBuildConfiguration;
			buildSettings = {
				ASSETCATALOG_COMPILER_APPICON_NAME = AppIcon;
				ASSETCATALOG_COMPILER_GLOBAL_ACCENT_COLOR_NAME = AccentColor;
				CODE_SIGN_STYLE = Automatic;
				CURRENT_PROJECT_VERSION = 1;
				DEVELOPMENT_ASSET_PATHS = "\"BodyGame/Preview Content\"";
				DEVELOPMENT_TEAM = AJCNLW4868;
				ENABLE_PREVIEWS = YES;
				GENERATE_INFOPLIST_FILE = YES;
				INFOPLIST_KEY_UIApplicationSceneManifest_Generation = YES;
				INFOPLIST_KEY_UIApplicationSupportsIndirectInputEvents = YES;
				INFOPLIST_KEY_UILaunchScreen_Generation = YES;
				INFOPLIST_KEY_UISupportedInterfaceOrientations = "UIInterfaceOrientationLandscapeLeft UIInterfaceOrientationLandscapeRight UIInterfaceOrientationPortrait UIInterfaceOrientationPortraitUpsideDown";
				LD_RUNPATH_SEARCH_PATHS = (
					"$(inherited)",
					"@executable_path/Frameworks",
				);
				MARKETING_VERSION = 1.0;
				PRODUCT_BUNDLE_IDENTIFIER = Calistakalleya.BodyGame;
				PRODUCT_NAME = "$(TARGET_NAME)";
				SWIFT_EMIT_LOC_STRINGS = YES;
				SWIFT_VERSION = 5.0;
				TARGETED_DEVICE_FAMILY = "1,2";
			};
			name = Release;
		};
/* End XCBuildConfiguration section */

/* Begin XCConfigurationList section */
		B39B394C2BDFDBE5002413CF /* Build configuration list for PBXProject "BodyGame" */ = {
			isa = XCConfigurationList;
			buildConfigurations = (
				B39B395D2BDFDBE6002413CF /* Debug */,
				B39B395E2BDFDBE6002413CF /* Release */,
			);
			defaultConfigurationIsVisible = 0;
			defaultConfigurationName = Release;
		};
		B39B395F2BDFDBE6002413CF /* Build configuration list for PBXNativeTarget "BodyGame" */ = {
			isa = XCConfigurationList;
			buildConfigurations = (
				B39B39602BDFDBE6002413CF /* Debug */,
				B39B39612BDFDBE6002413CF /* Release */,
			);
			defaultConfigurationIsVisible = 0;
			defaultConfigurationName = Release;
		};
/* End XCConfigurationList section */
	};
	rootObject = B39B39492BDFDBE5002413CF /* Project object */;
}
